
Microsoft Visual Studio Solution File, Format Version 12.00
# Visual Studio Version 17
VisualStudioVersion = 17.11.35327.3
MinimumVisualStudioVersion = 10.0.40219.1
Project("{FAE04EC0-301F-11D3-BF4B-00C04F79EFBC}") = "pr_dom", "pr_dom\pr_dom.csproj", "{26583696-3475-46C6-A4A8-736043697950}"
EndProject
Global
	GlobalSection(SolutionConfigurationPlatforms) = preSolution
		Debug|Any CPU = Debug|Any CPU
		Release|Any CPU = Release|Any CPU
	EndGlobalSection
	GlobalSection(ProjectConfigurationPlatforms) = postSolution
		{26583696-3475-46C6-A4A8-736043697950}.Debug|Any CPU.ActiveCfg = Debug|Any CPU
		{26583696-3475-46C6-A4A8-736043697950}.Debug|Any CPU.Build.0 = Debug|Any CPU
		{26583696-3475-46C6-A4A8-736043697950}.Release|Any CPU.ActiveCfg = Release|Any CPU
		{26583696-3475-46C6-A4A8-736043697950}.Release|Any CPU.Build.0 = Release|Any CPU
	EndGlobalSection
	GlobalSection(SolutionProperties) = preSolution
		HideSolutionNode = FALSE
	EndGlobalSection
	GlobalSection(ExtensibilityGlobals) = postSolution
		SolutionGuid = {ED5F40F2-220D-4765-8967-C24229D2F5CB}
	EndGlobalSection
EndGlobal
